
Microsoft Visual Studio Solution File, Format Version 12.00
# Visual Studio Version 17
VisualStudioVersion = 17.14.36202.13
MinimumVisualStudioVersion = 10.0.40219.1
Project("{2150E333-8FDC-42A3-9474-1A3956D46DE8}") = "Services", "Services", "{02EA681E-C7D8-13C7-8484-4AC65E1B71E8}"
EndProject
Project("{2150E333-8FDC-42A3-9474-1A3956D46DE8}") = "Catalog", "Catalog", "{221D3183-6741-4314-95A3-132A199076DD}"
EndProject
Project("{FAE04EC0-301F-11D3-BF4B-00C04F79EFBC}") = "MultiShop.Catalog", "Services\Catalog\MultiShop.Catalog\MultiShop.Catalog.csproj", "{AA1A98A8-90B4-4EE2-A46D-B21F64C9173E}"
EndProject
Project("{2150E333-8FDC-42A3-9474-1A3956D46DE8}") = "Discount", "Discount", "{885B6E58-D19D-40C6-B103-E602B9F15C90}"
EndProject
Project("{FAE04EC0-301F-11D3-BF4B-00C04F79EFBC}") = "MultiShop.Discount", "Services\Discount\MultiShop.Discount\MultiShop.Discount.csproj", "{570CA588-FEE1-43F6-B743-778A36F80E9A}"
EndProject
Project("{2150E333-8FDC-42A3-9474-1A3956D46DE8}") = "Order", "Order", "{842953C6-EEF1-4C18-802A-F8A24CA9C3E0}"
EndProject
Project("{2150E333-8FDC-42A3-9474-1A3956D46DE8}") = "Core", "Core", "{CA7D6D19-CF60-41AC-A47E-64697F899709}"
EndProject
Project("{2150E333-8FDC-42A3-9474-1A3956D46DE8}") = "Infrastructure", "Infrastructure", "{155F60D1-5FD4-4D88-8E74-D93981E8DEC8}"
EndProject
Project("{2150E333-8FDC-42A3-9474-1A3956D46DE8}") = "Presentation", "Presentation", "{DDF4B14E-F389-435B-B676-5EEA67A3C599}"
EndProject
Project("{FAE04EC0-301F-11D3-BF4B-00C04F79EFBC}") = "MultiShop.Order.Domain", "Services\Order\Core\MultiShop.Order.Domain\MultiShop.Order.Domain.csproj", "{F1C7E45F-4635-46DC-8C14-0C916E2CEA62}"
EndProject
Project("{FAE04EC0-301F-11D3-BF4B-00C04F79EFBC}") = "MultiShop.Order.Application", "Services\Order\Core\MultiShop.Order.Application\MultiShop.Order.Application.csproj", "{79AC3225-9006-4312-B664-E5D602FD54BE}"
EndProject
Project("{FAE04EC0-301F-11D3-BF4B-00C04F79EFBC}") = "MultiShop.Order.Persistence", "Services\Order\Infrastructure\MultiShop.Order.Persistence\MultiShop.Order.Persistence.csproj", "{38AFB411-C192-41E1-9F45-3B6033D3ABA3}"
EndProject
Project("{FAE04EC0-301F-11D3-BF4B-00C04F79EFBC}") = "MultiShop.Order.WebApi", "Services\Order\Presentation\MultiShop,Order.WebApi\MultiShop.Order.WebApi.csproj", "{52BBC8A3-27A0-4B77-8F49-9E0A75FA0F57}"
EndProject
Project("{2150E333-8FDC-42A3-9474-1A3956D46DE8}") = "IdentityServer", "IdentityServer", "{F8EA7040-D8AE-4B7C-B2CA-61E7983A5022}"
EndProject
Project("{FAE04EC0-301F-11D3-BF4B-00C04F79EFBC}") = "MultiShop.IdentityServer", "IdentityServer\MultiShop.IdentityServer\MultiShop.IdentityServer.csproj", "{EA14094F-FB55-5ABC-1402-B4229C4AD0B1}"
EndProject
Project("{2150E333-8FDC-42A3-9474-1A3956D46DE8}") = "Cargo", "Cargo", "{11A57DB0-619E-40B5-84C6-2CD0148FB0F4}"
EndProject
Project("{FAE04EC0-301F-11D3-BF4B-00C04F79EFBC}") = "MultiShop.Cargo.EntityLayer", "Services\Cargo\MultiShop.Cargo.EntitiesLayer\MultiShop.Cargo.EntityLayer.csproj", "{3E75AF90-1C50-4EC4-A724-0DC52720E90A}"
EndProject
Project("{FAE04EC0-301F-11D3-BF4B-00C04F79EFBC}") = "MultiShop.Cargo.BusinessLayer", "Services\Cargo\MultiShop.Cargo.BusinessLayer\MultiShop.Cargo.BusinessLayer.csproj", "{67D3BA68-2015-4B74-8D9E-0F1A1C7760BB}"
EndProject
Project("{FAE04EC0-301F-11D3-BF4B-00C04F79EFBC}") = "MultiShop.Cargo.DataAccessLayer", "Services\Cargo\MultiShop.Cargo.DataAccessLayer\MultiShop.Cargo.DataAccessLayer.csproj", "{EC8C857A-DE3E-4692-B358-78C39280767E}"
EndProject
Project("{FAE04EC0-301F-11D3-BF4B-00C04F79EFBC}") = "MultiShop.Cargo.DtoLayer", "Services\Cargo\MultiShop.Cargo.DtoLayer\MultiShop.Cargo.DtoLayer.csproj", "{BA8DC491-9714-4A50-B4B2-FB83803A9BF8}"
EndProject
Project("{FAE04EC0-301F-11D3-BF4B-00C04F79EFBC}") = "MultiShop.Cargo.WebApi", "Services\Cargo\MultiShop.Cargo.WebApi\MultiShop.Cargo.WebApi.csproj", "{9D8D6BA5-5A84-4548-A636-CCD57995724C}"
EndProject
Project("{2150E333-8FDC-42A3-9474-1A3956D46DE8}") = "Basket", "Basket", "{DA60F753-D076-439C-B781-D3CC29E89374}"
EndProject
Project("{FAE04EC0-301F-11D3-BF4B-00C04F79EFBC}") = "MultiShop.Basket", "Services\Basket\MultiShop.Basket\MultiShop.Basket.csproj", "{76B95887-DD12-4273-B4FF-54A0F58217C4}"
EndProject
Project("{2150E333-8FDC-42A3-9474-1A3956D46DE8}") = "Frontends", "Frontends", "{ACF6DD15-E33F-4807-9335-6C7D2495B84C}"
EndProject
Project("{FAE04EC0-301F-11D3-BF4B-00C04F79EFBC}") = "MultiShop.WebUI", "Frontends\MultiShop.WebUI\MultiShop.WebUI.csproj", "{76E1BFED-2491-4E0F-BFCF-BBF3DD96A87C}"
EndProject
Project("{FAE04EC0-301F-11D3-BF4B-00C04F79EFBC}") = "MultiShop.DtoLayer", "Frontends\MultiShop.DtoLayer\MultiShop.DtoLayer.csproj", "{A544F19F-8A1B-44F9-B2A9-C964620E450B}"
EndProject
Project("{2150E333-8FDC-42A3-9474-1A3956D46DE8}") = "Comment", "Comment", "{CB135778-0B3C-4DA5-B143-17C4E12EACA4}"
EndProject
Project("{FAE04EC0-301F-11D3-BF4B-00C04F79EFBC}") = "MultiShop.Comment", "Services\Comment\MultiShop.Comment\MultiShop.Comment.csproj", "{5135868E-9BAD-4499-8E23-92FD6FACAD31}"
EndProject
Project("{2150E333-8FDC-42A3-9474-1A3956D46DE8}") = "ApiGateway", "ApiGateway", "{B1142826-4375-4783-B0B3-B9D0744F0752}"
EndProject
Project("{FAE04EC0-301F-11D3-BF4B-00C04F79EFBC}") = "MultiShop.OcelotGateway", "ApiGateway\MultiShop.OcelotGateway\MultiShop.OcelotGateway.csproj", "{22F9693E-E7CE-422D-8031-13A022B33089}"
EndProject
Project("{2150E333-8FDC-42A3-9474-1A3956D46DE8}") = "Payment", "Payment", "{FCB27613-674A-40A0-8DBA-0105CF882EE8}"
EndProject
Project("{FAE04EC0-301F-11D3-BF4B-00C04F79EFBC}") = "MultiShop.Payment", "Services\Payment\MultiShop.Payment\MultiShop.Payment.csproj", "{65EAE338-7F6F-4B06-AB44-79FA08FCFC9F}"
EndProject
Project("{2150E333-8FDC-42A3-9474-1A3956D46DE8}") = "Images", "Images", "{7AF43124-CF6C-4EC4-9D3A-ABD1F76D0FEB}"
EndProject
Project("{FAE04EC0-301F-11D3-BF4B-00C04F79EFBC}") = "MultiShop.Images", "Services\Images\MultiShop.Images\MultiShop.Images.csproj", "{D6FE9BA0-5BC6-4E76-9D4E-781655EBF380}"
EndProject
Project("{2150E333-8FDC-42A3-9474-1A3956D46DE8}") = "Requirements", "Requirements", "{63F0D35D-5AAB-4F1B-BDEE-099FA37F3979}"
	ProjectSection(SolutionItems) = preProject
		loginindex.txt = loginindex.txt
		OcelotCodeExample.txt = OcelotCodeExample.txt
	EndProjectSection
EndProject
Global
	GlobalSection(SolutionConfigurationPlatforms) = preSolution
		Debug|Any CPU = Debug|Any CPU
		Release|Any CPU = Release|Any CPU
	EndGlobalSection
	GlobalSection(ProjectConfigurationPlatforms) = postSolution
		{AA1A98A8-90B4-4EE2-A46D-B21F64C9173E}.Debug|Any CPU.ActiveCfg = Debug|Any CPU
		{AA1A98A8-90B4-4EE2-A46D-B21F64C9173E}.Debug|Any CPU.Build.0 = Debug|Any CPU
		{AA1A98A8-90B4-4EE2-A46D-B21F64C9173E}.Release|Any CPU.ActiveCfg = Release|Any CPU
		{AA1A98A8-90B4-4EE2-A46D-B21F64C9173E}.Release|Any CPU.Build.0 = Release|Any CPU
		{570CA588-FEE1-43F6-B743-778A36F80E9A}.Debug|Any CPU.ActiveCfg = Debug|Any CPU
		{570CA588-FEE1-43F6-B743-778A36F80E9A}.Debug|Any CPU.Build.0 = Debug|Any CPU
		{570CA588-FEE1-43F6-B743-778A36F80E9A}.Release|Any CPU.ActiveCfg = Release|Any CPU
		{570CA588-FEE1-43F6-B743-778A36F80E9A}.Release|Any CPU.Build.0 = Release|Any CPU
		{F1C7E45F-4635-46DC-8C14-0C916E2CEA62}.Debug|Any CPU.ActiveCfg = Debug|Any CPU
		{F1C7E45F-4635-46DC-8C14-0C916E2CEA62}.Debug|Any CPU.Build.0 = Debug|Any CPU
		{F1C7E45F-4635-46DC-8C14-0C916E2CEA62}.Release|Any CPU.ActiveCfg = Release|Any CPU
		{F1C7E45F-4635-46DC-8C14-0C916E2CEA62}.Release|Any CPU.Build.0 = Release|Any CPU
		{79AC3225-9006-4312-B664-E5D602FD54BE}.Debug|Any CPU.ActiveCfg = Debug|Any CPU
		{79AC3225-9006-4312-B664-E5D602FD54BE}.Debug|Any CPU.Build.0 = Debug|Any CPU
		{79AC3225-9006-4312-B664-E5D602FD54BE}.Release|Any CPU.ActiveCfg = Release|Any CPU
		{79AC3225-9006-4312-B664-E5D602FD54BE}.Release|Any CPU.Build.0 = Release|Any CPU
		{38AFB411-C192-41E1-9F45-3B6033D3ABA3}.Debug|Any CPU.ActiveCfg = Debug|Any CPU
		{38AFB411-C192-41E1-9F45-3B6033D3ABA3}.Debug|Any CPU.Build.0 = Debug|Any CPU
		{38AFB411-C192-41E1-9F45-3B6033D3ABA3}.Release|Any CPU.ActiveCfg = Release|Any CPU
		{38AFB411-C192-41E1-9F45-3B6033D3ABA3}.Release|Any CPU.Build.0 = Release|Any CPU
		{52BBC8A3-27A0-4B77-8F49-9E0A75FA0F57}.Debug|Any CPU.ActiveCfg = Debug|Any CPU
		{52BBC8A3-27A0-4B77-8F49-9E0A75FA0F57}.Debug|Any CPU.Build.0 = Debug|Any CPU
		{52BBC8A3-27A0-4B77-8F49-9E0A75FA0F57}.Release|Any CPU.ActiveCfg = Release|Any CPU
		{52BBC8A3-27A0-4B77-8F49-9E0A75FA0F57}.Release|Any CPU.Build.0 = Release|Any CPU
		{EA14094F-FB55-5ABC-1402-B4229C4AD0B1}.Debug|Any CPU.ActiveCfg = Debug|Any CPU
		{EA14094F-FB55-5ABC-1402-B4229C4AD0B1}.Debug|Any CPU.Build.0 = Debug|Any CPU
		{EA14094F-FB55-5ABC-1402-B4229C4AD0B1}.Release|Any CPU.ActiveCfg = Release|Any CPU
		{EA14094F-FB55-5ABC-1402-B4229C4AD0B1}.Release|Any CPU.Build.0 = Release|Any CPU
		{3E75AF90-1C50-4EC4-A724-0DC52720E90A}.Debug|Any CPU.ActiveCfg = Debug|Any CPU
		{3E75AF90-1C50-4EC4-A724-0DC52720E90A}.Debug|Any CPU.Build.0 = Debug|Any CPU
		{3E75AF90-1C50-4EC4-A724-0DC52720E90A}.Release|Any CPU.ActiveCfg = Release|Any CPU
		{3E75AF90-1C50-4EC4-A724-0DC52720E90A}.Release|Any CPU.Build.0 = Release|Any CPU
		{67D3BA68-2015-4B74-8D9E-0F1A1C7760BB}.Debug|Any CPU.ActiveCfg = Debug|Any CPU
		{67D3BA68-2015-4B74-8D9E-0F1A1C7760BB}.Debug|Any CPU.Build.0 = Debug|Any CPU
		{67D3BA68-2015-4B74-8D9E-0F1A1C7760BB}.Release|Any CPU.ActiveCfg = Release|Any CPU
		{67D3BA68-2015-4B74-8D9E-0F1A1C7760BB}.Release|Any CPU.Build.0 = Release|Any CPU
		{EC8C857A-DE3E-4692-B358-78C39280767E}.Debug|Any CPU.ActiveCfg = Debug|Any CPU
		{EC8C857A-DE3E-4692-B358-78C39280767E}.Debug|Any CPU.Build.0 = Debug|Any CPU
		{EC8C857A-DE3E-4692-B358-78C39280767E}.Release|Any CPU.ActiveCfg = Release|Any CPU
		{EC8C857A-DE3E-4692-B358-78C39280767E}.Release|Any CPU.Build.0 = Release|Any CPU
		{BA8DC491-9714-4A50-B4B2-FB83803A9BF8}.Debug|Any CPU.ActiveCfg = Debug|Any CPU
		{BA8DC491-9714-4A50-B4B2-FB83803A9BF8}.Debug|Any CPU.Build.0 = Debug|Any CPU
		{BA8DC491-9714-4A50-B4B2-FB83803A9BF8}.Release|Any CPU.ActiveCfg = Release|Any CPU
		{BA8DC491-9714-4A50-B4B2-FB83803A9BF8}.Release|Any CPU.Build.0 = Release|Any CPU
		{9D8D6BA5-5A84-4548-A636-CCD57995724C}.Debug|Any CPU.ActiveCfg = Debug|Any CPU
		{9D8D6BA5-5A84-4548-A636-CCD57995724C}.Debug|Any CPU.Build.0 = Debug|Any CPU
		{9D8D6BA5-5A84-4548-A636-CCD57995724C}.Release|Any CPU.ActiveCfg = Release|Any CPU
		{9D8D6BA5-5A84-4548-A636-CCD57995724C}.Release|Any CPU.Build.0 = Release|Any CPU
		{76B95887-DD12-4273-B4FF-54A0F58217C4}.Debug|Any CPU.ActiveCfg = Debug|Any CPU
		{76B95887-DD12-4273-B4FF-54A0F58217C4}.Debug|Any CPU.Build.0 = Debug|Any CPU
		{76B95887-DD12-4273-B4FF-54A0F58217C4}.Release|Any CPU.ActiveCfg = Release|Any CPU
		{76B95887-DD12-4273-B4FF-54A0F58217C4}.Release|Any CPU.Build.0 = Release|Any CPU
		{76E1BFED-2491-4E0F-BFCF-BBF3DD96A87C}.Debug|Any CPU.ActiveCfg = Debug|Any CPU
		{76E1BFED-2491-4E0F-BFCF-BBF3DD96A87C}.Debug|Any CPU.Build.0 = Debug|Any CPU
		{76E1BFED-2491-4E0F-BFCF-BBF3DD96A87C}.Release|Any CPU.ActiveCfg = Release|Any CPU
		{76E1BFED-2491-4E0F-BFCF-BBF3DD96A87C}.Release|Any CPU.Build.0 = Release|Any CPU
		{A544F19F-8A1B-44F9-B2A9-C964620E450B}.Debug|Any CPU.ActiveCfg = Debug|Any CPU
		{A544F19F-8A1B-44F9-B2A9-C964620E450B}.Debug|Any CPU.Build.0 = Debug|Any CPU
		{A544F19F-8A1B-44F9-B2A9-C964620E450B}.Release|Any CPU.ActiveCfg = Release|Any CPU
		{A544F19F-8A1B-44F9-B2A9-C964620E450B}.Release|Any CPU.Build.0 = Release|Any CPU
		{5135868E-9BAD-4499-8E23-92FD6FACAD31}.Debug|Any CPU.ActiveCfg = Debug|Any CPU
		{5135868E-9BAD-4499-8E23-92FD6FACAD31}.Debug|Any CPU.Build.0 = Debug|Any CPU
		{5135868E-9BAD-4499-8E23-92FD6FACAD31}.Release|Any CPU.ActiveCfg = Release|Any CPU
		{5135868E-9BAD-4499-8E23-92FD6FACAD31}.Release|Any CPU.Build.0 = Release|Any CPU
		{22F9693E-E7CE-422D-8031-13A022B33089}.Debug|Any CPU.ActiveCfg = Debug|Any CPU
		{22F9693E-E7CE-422D-8031-13A022B33089}.Debug|Any CPU.Build.0 = Debug|Any CPU
		{22F9693E-E7CE-422D-8031-13A022B33089}.Release|Any CPU.ActiveCfg = Release|Any CPU
		{22F9693E-E7CE-422D-8031-13A022B33089}.Release|Any CPU.Build.0 = Release|Any CPU
		{65EAE338-7F6F-4B06-AB44-79FA08FCFC9F}.Debug|Any CPU.ActiveCfg = Debug|Any CPU
		{65EAE338-7F6F-4B06-AB44-79FA08FCFC9F}.Debug|Any CPU.Build.0 = Debug|Any CPU
		{65EAE338-7F6F-4B06-AB44-79FA08FCFC9F}.Release|Any CPU.ActiveCfg = Release|Any CPU
		{65EAE338-7F6F-4B06-AB44-79FA08FCFC9F}.Release|Any CPU.Build.0 = Release|Any CPU
		{D6FE9BA0-5BC6-4E76-9D4E-781655EBF380}.Debug|Any CPU.ActiveCfg = Debug|Any CPU
		{D6FE9BA0-5BC6-4E76-9D4E-781655EBF380}.Debug|Any CPU.Build.0 = Debug|Any CPU
		{D6FE9BA0-5BC6-4E76-9D4E-781655EBF380}.Release|Any CPU.ActiveCfg = Release|Any CPU
		{D6FE9BA0-5BC6-4E76-9D4E-781655EBF380}.Release|Any CPU.Build.0 = Release|Any CPU
	EndGlobalSection
	GlobalSection(SolutionProperties) = preSolution
		HideSolutionNode = FALSE
	EndGlobalSection
	GlobalSection(NestedProjects) = preSolution
		{221D3183-6741-4314-95A3-132A199076DD} = {02EA681E-C7D8-13C7-8484-4AC65E1B71E8}
		{AA1A98A8-90B4-4EE2-A46D-B21F64C9173E} = {221D3183-6741-4314-95A3-132A199076DD}
		{885B6E58-D19D-40C6-B103-E602B9F15C90} = {02EA681E-C7D8-13C7-8484-4AC65E1B71E8}
		{570CA588-FEE1-43F6-B743-778A36F80E9A} = {885B6E58-D19D-40C6-B103-E602B9F15C90}
		{842953C6-EEF1-4C18-802A-F8A24CA9C3E0} = {02EA681E-C7D8-13C7-8484-4AC65E1B71E8}
		{CA7D6D19-CF60-41AC-A47E-64697F899709} = {842953C6-EEF1-4C18-802A-F8A24CA9C3E0}
		{155F60D1-5FD4-4D88-8E74-D93981E8DEC8} = {842953C6-EEF1-4C18-802A-F8A24CA9C3E0}
		{DDF4B14E-F389-435B-B676-5EEA67A3C599} = {842953C6-EEF1-4C18-802A-F8A24CA9C3E0}
		{F1C7E45F-4635-46DC-8C14-0C916E2CEA62} = {CA7D6D19-CF60-41AC-A47E-64697F899709}
		{79AC3225-9006-4312-B664-E5D602FD54BE} = {CA7D6D19-CF60-41AC-A47E-64697F899709}
		{38AFB411-C192-41E1-9F45-3B6033D3ABA3} = {155F60D1-5FD4-4D88-8E74-D93981E8DEC8}
		{52BBC8A3-27A0-4B77-8F49-9E0A75FA0F57} = {DDF4B14E-F389-435B-B676-5EEA67A3C599}
		{EA14094F-FB55-5ABC-1402-B4229C4AD0B1} = {F8EA7040-D8AE-4B7C-B2CA-61E7983A5022}
		{11A57DB0-619E-40B5-84C6-2CD0148FB0F4} = {02EA681E-C7D8-13C7-8484-4AC65E1B71E8}
		{3E75AF90-1C50-4EC4-A724-0DC52720E90A} = {11A57DB0-619E-40B5-84C6-2CD0148FB0F4}
		{67D3BA68-2015-4B74-8D9E-0F1A1C7760BB} = {11A57DB0-619E-40B5-84C6-2CD0148FB0F4}
		{EC8C857A-DE3E-4692-B358-78C39280767E} = {11A57DB0-619E-40B5-84C6-2CD0148FB0F4}
		{BA8DC491-9714-4A50-B4B2-FB83803A9BF8} = {11A57DB0-619E-40B5-84C6-2CD0148FB0F4}
		{9D8D6BA5-5A84-4548-A636-CCD57995724C} = {11A57DB0-619E-40B5-84C6-2CD0148FB0F4}
		{DA60F753-D076-439C-B781-D3CC29E89374} = {02EA681E-C7D8-13C7-8484-4AC65E1B71E8}
		{76B95887-DD12-4273-B4FF-54A0F58217C4} = {DA60F753-D076-439C-B781-D3CC29E89374}
		{76E1BFED-2491-4E0F-BFCF-BBF3DD96A87C} = {ACF6DD15-E33F-4807-9335-6C7D2495B84C}
		{A544F19F-8A1B-44F9-B2A9-C964620E450B} = {ACF6DD15-E33F-4807-9335-6C7D2495B84C}
		{CB135778-0B3C-4DA5-B143-17C4E12EACA4} = {02EA681E-C7D8-13C7-8484-4AC65E1B71E8}
		{5135868E-9BAD-4499-8E23-92FD6FACAD31} = {CB135778-0B3C-4DA5-B143-17C4E12EACA4}
		{22F9693E-E7CE-422D-8031-13A022B33089} = {B1142826-4375-4783-B0B3-B9D0744F0752}
		{FCB27613-674A-40A0-8DBA-0105CF882EE8} = {02EA681E-C7D8-13C7-8484-4AC65E1B71E8}
		{65EAE338-7F6F-4B06-AB44-79FA08FCFC9F} = {FCB27613-674A-40A0-8DBA-0105CF882EE8}
		{7AF43124-CF6C-4EC4-9D3A-ABD1F76D0FEB} = {02EA681E-C7D8-13C7-8484-4AC65E1B71E8}
		{D6FE9BA0-5BC6-4E76-9D4E-781655EBF380} = {7AF43124-CF6C-4EC4-9D3A-ABD1F76D0FEB}
	EndGlobalSection
	GlobalSection(ExtensibilityGlobals) = postSolution
		SolutionGuid = {8700A014-0453-4CE8-A762-95A9A99A71F1}
	EndGlobalSection
EndGlobal
