
Microsoft Visual Studio Solution File, Format Version 12.00
# Visual Studio Version 17
VisualStudioVersion = 17.14.36202.13
MinimumVisualStudioVersion = 10.0.40219.1
Project("{2150E333-8FDC-42A3-9474-1A3956D46DE8}") = "Services", "Services", "{02EA681E-C7D8-13C7-8484-4AC65E1B71E8}"
	ProjectSection(SolutionItems) = preProject
		PortNumbers.txt = PortNumbers.txt
	EndProjectSection
EndProject
Project("{2150E333-8FDC-42A3-9474-1A3956D46DE8}") = "Catalog", "Catalog", "{221D3183-6741-4314-95A3-132A199076DD}"
EndProject
Project("{FAE04EC0-301F-11D3-BF4B-00C04F79EFBC}") = "MultiShop.Catalog", "Services\Catalog\MultiShop.Catalog\MultiShop.Catalog.csproj", "{AA1A98A8-90B4-4EE2-A46D-B21F64C9173E}"
EndProject
Project("{2150E333-8FDC-42A3-9474-1A3956D46DE8}") = "Discount", "Discount", "{885B6E58-D19D-40C6-B103-E602B9F15C90}"
EndProject
Project("{FAE04EC0-301F-11D3-BF4B-00C04F79EFBC}") = "MultiShop.Discount", "Services\Discount\MultiShop.Discount\MultiShop.Discount.csproj", "{570CA588-FEE1-43F6-B743-778A36F80E9A}"
EndProject
Project("{2150E333-8FDC-42A3-9474-1A3956D46DE8}") = "Order", "Order", "{842953C6-EEF1-4C18-802A-F8A24CA9C3E0}"
EndProject
Project("{2150E333-8FDC-42A3-9474-1A3956D46DE8}") = "Core", "Core", "{CA7D6D19-CF60-41AC-A47E-64697F899709}"
EndProject
Project("{2150E333-8FDC-42A3-9474-1A3956D46DE8}") = "Infrastructure", "Infrastructure", "{155F60D1-5FD4-4D88-8E74-D93981E8DEC8}"
EndProject
Project("{2150E333-8FDC-42A3-9474-1A3956D46DE8}") = "Presentation", "Presentation", "{DDF4B14E-F389-435B-B676-5EEA67A3C599}"
EndProject
Project("{FAE04EC0-301F-11D3-BF4B-00C04F79EFBC}") = "MultiShop.Order.Domain", "Services\Order\Core\MultiShop.Order.Domain\MultiShop.Order.Domain.csproj", "{F1C7E45F-4635-46DC-8C14-0C916E2CEA62}"
EndProject
Project("{FAE04EC0-301F-11D3-BF4B-00C04F79EFBC}") = "MultiShop.Order.Application", "Services\Order\Core\MultiShop.Order.Application\MultiShop.Order.Application.csproj", "{79AC3225-9006-4312-B664-E5D602FD54BE}"
EndProject
Project("{FAE04EC0-301F-11D3-BF4B-00C04F79EFBC}") = "MultiShop.Order.Persistence", "Services\Order\Infrastructure\MultiShop.Order.Persistence\MultiShop.Order.Persistence.csproj", "{38AFB411-C192-41E1-9F45-3B6033D3ABA3}"
EndProject
Project("{FAE04EC0-301F-11D3-BF4B-00C04F79EFBC}") = "MultiShop.Order.WebApi", "Services\Order\Presentation\MultiShop,Order.WebApi\MultiShop.Order.WebApi.csproj", "{52BBC8A3-27A0-4B77-8F49-9E0A75FA0F57}"
EndProject
Project("{2150E333-8FDC-42A3-9474-1A3956D46DE8}") = "IdentityServer", "IdentityServer", "{F8EA7040-D8AE-4B7C-B2CA-61E7983A5022}"
EndProject
Project("{FAE04EC0-301F-11D3-BF4B-00C04F79EFBC}") = "MultiShop.IdentityServer", "IdentityServer\MultiShop.IdentityServer\MultiShop.IdentityServer.csproj", "{EA14094F-FB55-5ABC-1402-B4229C4AD0B1}"
EndProject
Global
	GlobalSection(SolutionConfigurationPlatforms) = preSolution
		Debug|Any CPU = Debug|Any CPU
		Release|Any CPU = Release|Any CPU
	EndGlobalSection
	GlobalSection(ProjectConfigurationPlatforms) = postSolution
		{AA1A98A8-90B4-4EE2-A46D-B21F64C9173E}.Debug|Any CPU.ActiveCfg = Debug|Any CPU
		{AA1A98A8-90B4-4EE2-A46D-B21F64C9173E}.Debug|Any CPU.Build.0 = Debug|Any CPU
		{AA1A98A8-90B4-4EE2-A46D-B21F64C9173E}.Release|Any CPU.ActiveCfg = Release|Any CPU
		{AA1A98A8-90B4-4EE2-A46D-B21F64C9173E}.Release|Any CPU.Build.0 = Release|Any CPU
		{570CA588-FEE1-43F6-B743-778A36F80E9A}.Debug|Any CPU.ActiveCfg = Debug|Any CPU
		{570CA588-FEE1-43F6-B743-778A36F80E9A}.Debug|Any CPU.Build.0 = Debug|Any CPU
		{570CA588-FEE1-43F6-B743-778A36F80E9A}.Release|Any CPU.ActiveCfg = Release|Any CPU
		{570CA588-FEE1-43F6-B743-778A36F80E9A}.Release|Any CPU.Build.0 = Release|Any CPU
		{F1C7E45F-4635-46DC-8C14-0C916E2CEA62}.Debug|Any CPU.ActiveCfg = Debug|Any CPU
		{F1C7E45F-4635-46DC-8C14-0C916E2CEA62}.Debug|Any CPU.Build.0 = Debug|Any CPU
		{F1C7E45F-4635-46DC-8C14-0C916E2CEA62}.Release|Any CPU.ActiveCfg = Release|Any CPU
		{F1C7E45F-4635-46DC-8C14-0C916E2CEA62}.Release|Any CPU.Build.0 = Release|Any CPU
		{79AC3225-9006-4312-B664-E5D602FD54BE}.Debug|Any CPU.ActiveCfg = Debug|Any CPU
		{79AC3225-9006-4312-B664-E5D602FD54BE}.Debug|Any CPU.Build.0 = Debug|Any CPU
		{79AC3225-9006-4312-B664-E5D602FD54BE}.Release|Any CPU.ActiveCfg = Release|Any CPU
		{79AC3225-9006-4312-B664-E5D602FD54BE}.Release|Any CPU.Build.0 = Release|Any CPU
		{38AFB411-C192-41E1-9F45-3B6033D3ABA3}.Debug|Any CPU.ActiveCfg = Debug|Any CPU
		{38AFB411-C192-41E1-9F45-3B6033D3ABA3}.Debug|Any CPU.Build.0 = Debug|Any CPU
		{38AFB411-C192-41E1-9F45-3B6033D3ABA3}.Release|Any CPU.ActiveCfg = Release|Any CPU
		{38AFB411-C192-41E1-9F45-3B6033D3ABA3}.Release|Any CPU.Build.0 = Release|Any CPU
		{52BBC8A3-27A0-4B77-8F49-9E0A75FA0F57}.Debug|Any CPU.ActiveCfg = Debug|Any CPU
		{52BBC8A3-27A0-4B77-8F49-9E0A75FA0F57}.Debug|Any CPU.Build.0 = Debug|Any CPU
		{52BBC8A3-27A0-4B77-8F49-9E0A75FA0F57}.Release|Any CPU.ActiveCfg = Release|Any CPU
		{52BBC8A3-27A0-4B77-8F49-9E0A75FA0F57}.Release|Any CPU.Build.0 = Release|Any CPU
		{EA14094F-FB55-5ABC-1402-B4229C4AD0B1}.Debug|Any CPU.ActiveCfg = Debug|Any CPU
		{EA14094F-FB55-5ABC-1402-B4229C4AD0B1}.Debug|Any CPU.Build.0 = Debug|Any CPU
		{EA14094F-FB55-5ABC-1402-B4229C4AD0B1}.Release|Any CPU.ActiveCfg = Release|Any CPU
		{EA14094F-FB55-5ABC-1402-B4229C4AD0B1}.Release|Any CPU.Build.0 = Release|Any CPU
	EndGlobalSection
	GlobalSection(SolutionProperties) = preSolution
		HideSolutionNode = FALSE
	EndGlobalSection
	GlobalSection(NestedProjects) = preSolution
		{221D3183-6741-4314-95A3-132A199076DD} = {02EA681E-C7D8-13C7-8484-4AC65E1B71E8}
		{AA1A98A8-90B4-4EE2-A46D-B21F64C9173E} = {221D3183-6741-4314-95A3-132A199076DD}
		{885B6E58-D19D-40C6-B103-E602B9F15C90} = {02EA681E-C7D8-13C7-8484-4AC65E1B71E8}
		{570CA588-FEE1-43F6-B743-778A36F80E9A} = {885B6E58-D19D-40C6-B103-E602B9F15C90}
		{842953C6-EEF1-4C18-802A-F8A24CA9C3E0} = {02EA681E-C7D8-13C7-8484-4AC65E1B71E8}
		{CA7D6D19-CF60-41AC-A47E-64697F899709} = {842953C6-EEF1-4C18-802A-F8A24CA9C3E0}
		{155F60D1-5FD4-4D88-8E74-D93981E8DEC8} = {842953C6-EEF1-4C18-802A-F8A24CA9C3E0}
		{DDF4B14E-F389-435B-B676-5EEA67A3C599} = {842953C6-EEF1-4C18-802A-F8A24CA9C3E0}
		{F1C7E45F-4635-46DC-8C14-0C916E2CEA62} = {CA7D6D19-CF60-41AC-A47E-64697F899709}
		{79AC3225-9006-4312-B664-E5D602FD54BE} = {CA7D6D19-CF60-41AC-A47E-64697F899709}
		{38AFB411-C192-41E1-9F45-3B6033D3ABA3} = {155F60D1-5FD4-4D88-8E74-D93981E8DEC8}
		{52BBC8A3-27A0-4B77-8F49-9E0A75FA0F57} = {DDF4B14E-F389-435B-B676-5EEA67A3C599}
		{EA14094F-FB55-5ABC-1402-B4229C4AD0B1} = {F8EA7040-D8AE-4B7C-B2CA-61E7983A5022}
	EndGlobalSection
	GlobalSection(ExtensibilityGlobals) = postSolution
		SolutionGuid = {8700A014-0453-4CE8-A762-95A9A99A71F1}
	EndGlobalSection
EndGlobal
